
Microsoft Visual Studio Solution File, Format Version 12.00
# Visual Studio 15
VisualStudioVersion = 15.0.28307.271
MinimumVisualStudioVersion = 10.0.40219.1
Project("{9A19103F-16F7-4668-BE54-9A1E7A4F7556}") = "WebApplication8", "WebApplication8\WebApplication8.csproj", "{C9628E82-0CED-4F20-A709-3F33583B13B5}"
EndProject
Project("{9A19103F-16F7-4668-BE54-9A1E7A4F7556}") = "Contracts", "Contracts\Contracts.csproj", "{2AAAFB7B-96E1-48A0-AF6A-5CF340574DA4}"
EndProject
Project("{9A19103F-16F7-4668-BE54-9A1E7A4F7556}") = "LoggerService", "LoggerService\LoggerService.csproj", "{77F3F052-317F-4601-A522-3BCE7325994C}"
EndProject
Project("{9A19103F-16F7-4668-BE54-9A1E7A4F7556}") = "Entities", "Entities\Entities.csproj", "{1CEAF700-6F5A-410B-957A-A13390177307}"
EndProject
Project("{9A19103F-16F7-4668-BE54-9A1E7A4F7556}") = "Repository", "Repository\Repository.csproj", "{5CA62275-96EE-4E14-B874-FBF7E185E3E1}"
EndProject
Project("{FAE04EC0-301F-11D3-BF4B-00C04F79EFBC}") = "web-api-tests", "web-api-tests\web-api-tests.csproj", "{AE1CDBE9-B8D5-46D7-A34E-5F9E63EEBB13}"
EndProject
Global
	GlobalSection(SolutionConfigurationPlatforms) = preSolution
		Debug|Any CPU = Debug|Any CPU
		Release|Any CPU = Release|Any CPU
	EndGlobalSection
	GlobalSection(ProjectConfigurationPlatforms) = postSolution
		{C9628E82-0CED-4F20-A709-3F33583B13B5}.Debug|Any CPU.ActiveCfg = Debug|Any CPU
		{C9628E82-0CED-4F20-A709-3F33583B13B5}.Debug|Any CPU.Build.0 = Debug|Any CPU
		{C9628E82-0CED-4F20-A709-3F33583B13B5}.Release|Any CPU.ActiveCfg = Release|Any CPU
		{C9628E82-0CED-4F20-A709-3F33583B13B5}.Release|Any CPU.Build.0 = Release|Any CPU
		{2AAAFB7B-96E1-48A0-AF6A-5CF340574DA4}.Debug|Any CPU.ActiveCfg = Debug|Any CPU
		{2AAAFB7B-96E1-48A0-AF6A-5CF340574DA4}.Debug|Any CPU.Build.0 = Debug|Any CPU
		{2AAAFB7B-96E1-48A0-AF6A-5CF340574DA4}.Release|Any CPU.ActiveCfg = Release|Any CPU
		{2AAAFB7B-96E1-48A0-AF6A-5CF340574DA4}.Release|Any CPU.Build.0 = Release|Any CPU
		{77F3F052-317F-4601-A522-3BCE7325994C}.Debug|Any CPU.ActiveCfg = Debug|Any CPU
		{77F3F052-317F-4601-A522-3BCE7325994C}.Debug|Any CPU.Build.0 = Debug|Any CPU
		{77F3F052-317F-4601-A522-3BCE7325994C}.Release|Any CPU.ActiveCfg = Release|Any CPU
		{77F3F052-317F-4601-A522-3BCE7325994C}.Release|Any CPU.Build.0 = Release|Any CPU
		{1CEAF700-6F5A-410B-957A-A13390177307}.Debug|Any CPU.ActiveCfg = Debug|Any CPU
		{1CEAF700-6F5A-410B-957A-A13390177307}.Debug|Any CPU.Build.0 = Debug|Any CPU
		{1CEAF700-6F5A-410B-957A-A13390177307}.Release|Any CPU.ActiveCfg = Release|Any CPU
		{1CEAF700-6F5A-410B-957A-A13390177307}.Release|Any CPU.Build.0 = Release|Any CPU
		{5CA62275-96EE-4E14-B874-FBF7E185E3E1}.Debug|Any CPU.ActiveCfg = Debug|Any CPU
		{5CA62275-96EE-4E14-B874-FBF7E185E3E1}.Debug|Any CPU.Build.0 = Debug|Any CPU
		{5CA62275-96EE-4E14-B874-FBF7E185E3E1}.Release|Any CPU.ActiveCfg = Release|Any CPU
		{5CA62275-96EE-4E14-B874-FBF7E185E3E1}.Release|Any CPU.Build.0 = Release|Any CPU
		{AE1CDBE9-B8D5-46D7-A34E-5F9E63EEBB13}.Debug|Any CPU.ActiveCfg = Debug|Any CPU
		{AE1CDBE9-B8D5-46D7-A34E-5F9E63EEBB13}.Debug|Any CPU.Build.0 = Debug|Any CPU
		{AE1CDBE9-B8D5-46D7-A34E-5F9E63EEBB13}.Release|Any CPU.ActiveCfg = Release|Any CPU
		{AE1CDBE9-B8D5-46D7-A34E-5F9E63EEBB13}.Release|Any CPU.Build.0 = Release|Any CPU
	EndGlobalSection
	GlobalSection(SolutionProperties) = preSolution
		HideSolutionNode = FALSE
	EndGlobalSection
	GlobalSection(ExtensibilityGlobals) = postSolution
		SolutionGuid = {3699AA67-3E39-4338-8F5B-8B4DD8033BB5}
	EndGlobalSection
EndGlobal
